
Microsoft Visual Studio Solution File, Format Version 12.00
# Visual Studio Version 17
VisualStudioVersion = 17.1.32414.318
MinimumVisualStudioVersion = 10.0.40219.1
Project("{FAE04EC0-301F-11D3-BF4B-00C04F79EFBC}") = "CasasPatronTemplate", "CasasPatronTemplate\CasasPatronTemplate.csproj", "{41DC88B7-6DB1-40E4-87D3-F2084819C32C}"
EndProject
Global
	GlobalSection(SolutionConfigurationPlatforms) = preSolution
		Debug|Any CPU = Debug|Any CPU
		Release|Any CPU = Release|Any CPU
	EndGlobalSection
	GlobalSection(ProjectConfigurationPlatforms) = postSolution
		{41DC88B7-6DB1-40E4-87D3-F2084819C32C}.Debug|Any CPU.ActiveCfg = Debug|Any CPU
		{41DC88B7-6DB1-40E4-87D3-F2084819C32C}.Debug|Any CPU.Build.0 = Debug|Any CPU
		{41DC88B7-6DB1-40E4-87D3-F2084819C32C}.Release|Any CPU.ActiveCfg = Release|Any CPU
		{41DC88B7-6DB1-40E4-87D3-F2084819C32C}.Release|Any CPU.Build.0 = Release|Any CPU
	EndGlobalSection
	GlobalSection(SolutionProperties) = preSolution
		HideSolutionNode = FALSE
	EndGlobalSection
	GlobalSection(ExtensibilityGlobals) = postSolution
		SolutionGuid = {C3291F97-8A8E-4546-8FCE-3FC0F45C459B}
	EndGlobalSection
EndGlobal
